
Microsoft Visual Studio Solution File, Format Version 12.00
# Visual Studio Version 17
VisualStudioVersion = 17.9.34902.65
MinimumVisualStudioVersion = 10.0.40219.1
Project("{8BC9CEB8-8B4A-11D0-8D11-00A0C91BC942}") = "StudyGamePrograming08", "StudyGamePrograming08\StudyGamePrograming08.vcxproj", "{6F6716A1-3011-4340-A869-E716490855AA}"
EndProject
Project("{F184B08F-C81C-45F6-A57F-5ABD9991F28F}") = "StudyGamePrograming08_VB", "StudyGamePrograming08_VB\StudyGamePrograming08_VB.vbproj", "{7D1C20F6-D19C-4731-A68D-D9E1305D7E8F}"
EndProject
Global
	GlobalSection(SolutionConfigurationPlatforms) = preSolution
		Debug|Any CPU = Debug|Any CPU
		Debug|x64 = Debug|x64
		Debug|x86 = Debug|x86
		Release|Any CPU = Release|Any CPU
		Release|x64 = Release|x64
		Release|x86 = Release|x86
	EndGlobalSection
	GlobalSection(ProjectConfigurationPlatforms) = postSolution
		{6F6716A1-3011-4340-A869-E716490855AA}.Debug|Any CPU.ActiveCfg = Debug|x64
		{6F6716A1-3011-4340-A869-E716490855AA}.Debug|Any CPU.Build.0 = Debug|x64
		{6F6716A1-3011-4340-A869-E716490855AA}.Debug|x64.ActiveCfg = Debug|x64
		{6F6716A1-3011-4340-A869-E716490855AA}.Debug|x64.Build.0 = Debug|x64
		{6F6716A1-3011-4340-A869-E716490855AA}.Debug|x86.ActiveCfg = Debug|Win32
		{6F6716A1-3011-4340-A869-E716490855AA}.Debug|x86.Build.0 = Debug|Win32
		{6F6716A1-3011-4340-A869-E716490855AA}.Release|Any CPU.ActiveCfg = Release|x64
		{6F6716A1-3011-4340-A869-E716490855AA}.Release|Any CPU.Build.0 = Release|x64
		{6F6716A1-3011-4340-A869-E716490855AA}.Release|x64.ActiveCfg = Release|x64
		{6F6716A1-3011-4340-A869-E716490855AA}.Release|x64.Build.0 = Release|x64
		{6F6716A1-3011-4340-A869-E716490855AA}.Release|x86.ActiveCfg = Release|Win32
		{6F6716A1-3011-4340-A869-E716490855AA}.Release|x86.Build.0 = Release|Win32
		{7D1C20F6-D19C-4731-A68D-D9E1305D7E8F}.Debug|Any CPU.ActiveCfg = Debug|Any CPU
		{7D1C20F6-D19C-4731-A68D-D9E1305D7E8F}.Debug|Any CPU.Build.0 = Debug|Any CPU
		{7D1C20F6-D19C-4731-A68D-D9E1305D7E8F}.Debug|x64.ActiveCfg = Debug|Any CPU
		{7D1C20F6-D19C-4731-A68D-D9E1305D7E8F}.Debug|x64.Build.0 = Debug|Any CPU
		{7D1C20F6-D19C-4731-A68D-D9E1305D7E8F}.Debug|x86.ActiveCfg = Debug|Any CPU
		{7D1C20F6-D19C-4731-A68D-D9E1305D7E8F}.Debug|x86.Build.0 = Debug|Any CPU
		{7D1C20F6-D19C-4731-A68D-D9E1305D7E8F}.Release|Any CPU.ActiveCfg = Release|Any CPU
		{7D1C20F6-D19C-4731-A68D-D9E1305D7E8F}.Release|Any CPU.Build.0 = Release|Any CPU
		{7D1C20F6-D19C-4731-A68D-D9E1305D7E8F}.Release|x64.ActiveCfg = Release|Any CPU
		{7D1C20F6-D19C-4731-A68D-D9E1305D7E8F}.Release|x64.Build.0 = Release|Any CPU
		{7D1C20F6-D19C-4731-A68D-D9E1305D7E8F}.Release|x86.ActiveCfg = Release|Any CPU
		{7D1C20F6-D19C-4731-A68D-D9E1305D7E8F}.Release|x86.Build.0 = Release|Any CPU
	EndGlobalSection
	GlobalSection(SolutionProperties) = preSolution
		HideSolutionNode = FALSE
	EndGlobalSection
	GlobalSection(ExtensibilityGlobals) = postSolution
		SolutionGuid = {E3AF9112-8BF0-43A5-B608-7DA78DAF3689}
	EndGlobalSection
EndGlobal
