
Microsoft Visual Studio Solution File, Format Version 12.00
# Visual Studio Version 17
VisualStudioVersion = 17.9.34902.65
MinimumVisualStudioVersion = 10.0.40219.1
Project("{8BC9CEB8-8B4A-11D0-8D11-00A0C91BC942}") = "StudyGamePrograming08", "StudyGamePrograming08\StudyGamePrograming08.vcxproj", "{6F6716A1-3011-4340-A869-E716490855AA}"
EndProject
Project("{8BC9CEB8-8B4A-11D0-8D11-00A0C91BC942}") = "StudyGamePrograming08maze", "StudyGamePrograming08maze\StudyGamePrograming08maze.vcxproj", "{7B6C01C1-6F7C-4CB6-A6CD-24150B2203C5}"
EndProject
Project("{8BC9CEB8-8B4A-11D0-8D11-00A0C91BC942}") = "test", "test\test.vcxproj", "{B42C7220-BDBB-4E34-BD80-27AFF2554287}"
EndProject
Global
	GlobalSection(SolutionConfigurationPlatforms) = preSolution
		Debug|Any CPU = Debug|Any CPU
		Debug|x64 = Debug|x64
		Debug|x86 = Debug|x86
		Release|Any CPU = Release|Any CPU
		Release|x64 = Release|x64
		Release|x86 = Release|x86
	EndGlobalSection
	GlobalSection(ProjectConfigurationPlatforms) = postSolution
		{6F6716A1-3011-4340-A869-E716490855AA}.Debug|Any CPU.ActiveCfg = Debug|x64
		{6F6716A1-3011-4340-A869-E716490855AA}.Debug|Any CPU.Build.0 = Debug|x64
		{6F6716A1-3011-4340-A869-E716490855AA}.Debug|x64.ActiveCfg = Debug|x64
		{6F6716A1-3011-4340-A869-E716490855AA}.Debug|x64.Build.0 = Debug|x64
		{6F6716A1-3011-4340-A869-E716490855AA}.Debug|x86.ActiveCfg = Debug|Win32
		{6F6716A1-3011-4340-A869-E716490855AA}.Debug|x86.Build.0 = Debug|Win32
		{6F6716A1-3011-4340-A869-E716490855AA}.Release|Any CPU.ActiveCfg = Release|x64
		{6F6716A1-3011-4340-A869-E716490855AA}.Release|Any CPU.Build.0 = Release|x64
		{6F6716A1-3011-4340-A869-E716490855AA}.Release|x64.ActiveCfg = Release|x64
		{6F6716A1-3011-4340-A869-E716490855AA}.Release|x64.Build.0 = Release|x64
		{6F6716A1-3011-4340-A869-E716490855AA}.Release|x86.ActiveCfg = Release|Win32
		{6F6716A1-3011-4340-A869-E716490855AA}.Release|x86.Build.0 = Release|Win32
		{7B6C01C1-6F7C-4CB6-A6CD-24150B2203C5}.Debug|Any CPU.ActiveCfg = Debug|x64
		{7B6C01C1-6F7C-4CB6-A6CD-24150B2203C5}.Debug|Any CPU.Build.0 = Debug|x64
		{7B6C01C1-6F7C-4CB6-A6CD-24150B2203C5}.Debug|x64.ActiveCfg = Debug|x64
		{7B6C01C1-6F7C-4CB6-A6CD-24150B2203C5}.Debug|x64.Build.0 = Debug|x64
		{7B6C01C1-6F7C-4CB6-A6CD-24150B2203C5}.Debug|x86.ActiveCfg = Debug|Win32
		{7B6C01C1-6F7C-4CB6-A6CD-24150B2203C5}.Debug|x86.Build.0 = Debug|Win32
		{7B6C01C1-6F7C-4CB6-A6CD-24150B2203C5}.Release|Any CPU.ActiveCfg = Release|x64
		{7B6C01C1-6F7C-4CB6-A6CD-24150B2203C5}.Release|Any CPU.Build.0 = Release|x64
		{7B6C01C1-6F7C-4CB6-A6CD-24150B2203C5}.Release|x64.ActiveCfg = Release|x64
		{7B6C01C1-6F7C-4CB6-A6CD-24150B2203C5}.Release|x64.Build.0 = Release|x64
		{7B6C01C1-6F7C-4CB6-A6CD-24150B2203C5}.Release|x86.ActiveCfg = Release|Win32
		{7B6C01C1-6F7C-4CB6-A6CD-24150B2203C5}.Release|x86.Build.0 = Release|Win32
		{B42C7220-BDBB-4E34-BD80-27AFF2554287}.Debug|Any CPU.ActiveCfg = Debug|x64
		{B42C7220-BDBB-4E34-BD80-27AFF2554287}.Debug|Any CPU.Build.0 = Debug|x64
		{B42C7220-BDBB-4E34-BD80-27AFF2554287}.Debug|x64.ActiveCfg = Debug|x64
		{B42C7220-BDBB-4E34-BD80-27AFF2554287}.Debug|x64.Build.0 = Debug|x64
		{B42C7220-BDBB-4E34-BD80-27AFF2554287}.Debug|x86.ActiveCfg = Debug|Win32
		{B42C7220-BDBB-4E34-BD80-27AFF2554287}.Debug|x86.Build.0 = Debug|Win32
		{B42C7220-BDBB-4E34-BD80-27AFF2554287}.Release|Any CPU.ActiveCfg = Release|x64
		{B42C7220-BDBB-4E34-BD80-27AFF2554287}.Release|Any CPU.Build.0 = Release|x64
		{B42C7220-BDBB-4E34-BD80-27AFF2554287}.Release|x64.ActiveCfg = Release|x64
		{B42C7220-BDBB-4E34-BD80-27AFF2554287}.Release|x64.Build.0 = Release|x64
		{B42C7220-BDBB-4E34-BD80-27AFF2554287}.Release|x86.ActiveCfg = Release|Win32
		{B42C7220-BDBB-4E34-BD80-27AFF2554287}.Release|x86.Build.0 = Release|Win32
	EndGlobalSection
	GlobalSection(SolutionProperties) = preSolution
		HideSolutionNode = FALSE
	EndGlobalSection
	GlobalSection(ExtensibilityGlobals) = postSolution
		SolutionGuid = {E3AF9112-8BF0-43A5-B608-7DA78DAF3689}
	EndGlobalSection
EndGlobal
